<?xml version="1.0" encoding="UTF-8"?>
<CONFIG>
  <ProjectOptions>
    <Version Value="11"/>
    <General>
      <Flags>
        <MainUnitHasCreateFormStatements Value="False"/>
        <MainUnitHasTitleStatement Value="False"/>
      </Flags>
      <SessionStorage Value="InProjectDir"/>
      <MainUnit Value="0"/>
      <Title Value="xidel"/>
      <UseXPManifest Value="True"/>
    </General>
    <VersionInfo>
      <Language Value=""/>
      <CharSet Value=""/>
    </VersionInfo>
    <BuildModes Count="9">
      <Item1 Name="default" Default="True"/>
      <Item2 Name="win32">
        <CompilerOptions>
          <Version Value="11"/>
          <Target>
            <Filename Value="xidel"/>
          </Target>
          <SearchPaths>
            <IncludeFiles Value="$(ProjOutDir)"/>
            <OtherUnitFiles Value="/home/benito/hg/components/pascal/import/synapse/;/home/benito/hg/components/pascal/import/regexpr/Source/;/home/benito/hg/components/pascal/internet/;/home/benito/hg/components/pascal/import/regexpr/source/"/>
            <UnitOutputDirectory Value="lib/$(TargetCPU)-$(TargetOS)"/>
          </SearchPaths>
          <Parsing>
            <SyntaxOptions>
              <UseAnsiStrings Value="False"/>
            </SyntaxOptions>
          </Parsing>
          <CodeGeneration>
            <SmartLinkUnit Value="True"/>
            <Checks>
              <RangeChecks Value="True"/>
              <OverflowChecks Value="True"/>
              <StackChecks Value="True"/>
            </Checks>
            <TargetCPU Value="i386"/>
            <TargetOS Value="win32"/>
            <Optimizations>
              <OptimizationLevel Value="3"/>
            </Optimizations>
          </CodeGeneration>
          <Linking>
            <LinkSmart Value="True"/>
          </Linking>
          <Other>
            <OtherDefines Count="1">
              <Define0 Value="USE_SYNAPSE_WRAPPER"/>
            </OtherDefines>
          </Other>
        </CompilerOptions>
      </Item2>
      <Item3 Name="androidarm">
        <CompilerOptions>
          <Version Value="11"/>
          <Target>
            <Filename Value="xidel"/>
          </Target>
          <SearchPaths>
            <IncludeFiles Value="$(ProjOutDir)"/>
            <OtherUnitFiles Value="../../../components/pascal/import/synapse;../../../components/pascal/internet;../../../components/pascal/data;../../../components/pascal/system;../../../components/pascal/import/regexpr/source;../../../components/pascal/import/utf8tools"/>
            <UnitOutputDirectory Value="lib/$(TargetCPU)-$(TargetOS)"/>
          </SearchPaths>
          <CodeGeneration>
            <SmartLinkUnit Value="True"/>
            <Checks>
              <RangeChecks Value="True"/>
              <StackChecks Value="True"/>
            </Checks>
            <TargetCPU Value="arm"/>
            <TargetOS Value="android"/>
            <Optimizations>
              <OptimizationLevel Value="3"/>
            </Optimizations>
          </CodeGeneration>
          <Linking>
            <LinkSmart Value="True"/>
          </Linking>
          <Other>
            <CustomOptions Value="-dUSE_SYNAPSE_WRAPPER -Cg -k-pie"/>
            <OtherDefines Count="1">
              <Define0 Value="USE_SYNAPSE_WRAPPER"/>
            </OtherDefines>
          </Other>
        </CompilerOptions>
      </Item3>
      <Item4 Name="win32synapse">
        <CompilerOptions>
          <Version Value="11"/>
          <Target>
            <Filename Value="xidel"/>
          </Target>
          <SearchPaths>
            <IncludeFiles Value="$(ProjOutDir)"/>
            <OtherUnitFiles Value="/home/benito/hg/components/pascal/import/synapse/;/home/benito/hg/components/pascal/import/regexpr/Source/;/home/benito/hg/components/pascal/internet/;/home/benito/hg/components/pascal/import/regexpr/source/"/>
            <UnitOutputDirectory Value="lib/$(TargetCPU)-$(TargetOS)"/>
          </SearchPaths>
          <Parsing>
            <SyntaxOptions>
              <UseAnsiStrings Value="False"/>
            </SyntaxOptions>
          </Parsing>
          <CodeGeneration>
            <SmartLinkUnit Value="True"/>
            <Checks>
              <RangeChecks Value="True"/>
              <OverflowChecks Value="True"/>
              <StackChecks Value="True"/>
            </Checks>
            <TargetCPU Value="i386"/>
            <TargetOS Value="win32"/>
            <Optimizations>
              <OptimizationLevel Value="3"/>
            </Optimizations>
          </CodeGeneration>
          <Linking>
            <LinkSmart Value="True"/>
          </Linking>
          <Other>
            <CustomOptions Value="-dUSE_SYNAPSE_WRAPPER -dCOMPILE_SYNAPSE_INTERNETACCESS"/>
          </Other>
        </CompilerOptions>
      </Item4>
      <Item5 Name="debug">
        <CompilerOptions>
          <Version Value="11"/>
          <Target>
            <Filename Value="xidel"/>
          </Target>
          <SearchPaths>
            <IncludeFiles Value="$(ProjOutDir)"/>
            <OtherUnitFiles Value="../../../components/pascal/import/synapse;../../../components/pascal/internet;../../../components/pascal/data;../../../components/pascal/system;../../../components/pascal/import/regexpr/source;../../../components/pascal/import/utf8tools"/>
            <UnitOutputDirectory Value="lib/$(TargetCPU)-$(TargetOS)"/>
          </SearchPaths>
          <Parsing>
            <SyntaxOptions>
              <IncludeAssertionCode Value="True"/>
            </SyntaxOptions>
          </Parsing>
          <CodeGeneration>
            <SmartLinkUnit Value="True"/>
            <Checks>
              <IOChecks Value="True"/>
              <RangeChecks Value="True"/>
              <OverflowChecks Value="True"/>
              <StackChecks Value="True"/>
            </Checks>
            <Optimizations>
              <OptimizationLevel Value="2"/>
            </Optimizations>
          </CodeGeneration>
          <Linking>
            <Debugging>
              <UseHeaptrc Value="True"/>
              <TrashVariables Value="True"/>
            </Debugging>
            <LinkSmart Value="True"/>
          </Linking>
          <Other>
            <OtherDefines Count="1">
              <Define0 Value="USE_SYNAPSE_WRAPPER"/>
            </OtherDefines>
          </Other>
        </CompilerOptions>
      </Item5>
      <Item6 Name="linux32">
        <CompilerOptions>
          <Version Value="11"/>
          <Target>
            <Filename Value="xidel"/>
          </Target>
          <SearchPaths>
            <IncludeFiles Value="$(ProjOutDir)"/>
            <OtherUnitFiles Value="../../../components/pascal/import/synapse;../../../components/pascal/internet;../../../components/pascal/data;../../../components/pascal/system;../../../components/pascal/import/regexpr/source;../../../components/pascal/import/utf8tools"/>
            <UnitOutputDirectory Value="lib/$(TargetCPU)-$(TargetOS)"/>
          </SearchPaths>
          <Parsing>
            <SyntaxOptions>
              <IncludeAssertionCode Value="True"/>
            </SyntaxOptions>
          </Parsing>
          <CodeGeneration>
            <SmartLinkUnit Value="True"/>
            <Checks>
              <IOChecks Value="True"/>
              <RangeChecks Value="True"/>
              <OverflowChecks Value="True"/>
              <StackChecks Value="True"/>
            </Checks>
            <TargetCPU Value="i386"/>
            <TargetOS Value="linux"/>
            <Optimizations>
              <OptimizationLevel Value="2"/>
            </Optimizations>
          </CodeGeneration>
          <Linking>
            <LinkSmart Value="True"/>
          </Linking>
          <Other>
            <OtherDefines Count="1">
              <Define0 Value="USE_SYNAPSE_WRAPPER"/>
            </OtherDefines>
          </Other>
        </CompilerOptions>
      </Item6>
      <Item7 Name="win64">
        <CompilerOptions>
          <Version Value="11"/>
          <Target>
            <Filename Value="xidel"/>
          </Target>
          <SearchPaths>
            <IncludeFiles Value="$(ProjOutDir)"/>
            <OtherUnitFiles Value="/home/benito/hg/components/pascal/import/synapse/;/home/benito/hg/components/pascal/import/regexpr/Source/;/home/benito/hg/components/pascal/internet/;/home/benito/hg/components/pascal/import/regexpr/source/"/>
            <UnitOutputDirectory Value="lib/$(TargetCPU)-$(TargetOS)"/>
          </SearchPaths>
          <Parsing>
            <SyntaxOptions>
              <UseAnsiStrings Value="False"/>
            </SyntaxOptions>
          </Parsing>
          <CodeGeneration>
            <SmartLinkUnit Value="True"/>
            <Checks>
              <RangeChecks Value="True"/>
              <OverflowChecks Value="True"/>
              <StackChecks Value="True"/>
            </Checks>
            <TargetCPU Value="x86_64"/>
            <TargetOS Value="win64"/>
            <Optimizations>
              <OptimizationLevel Value="3"/>
            </Optimizations>
          </CodeGeneration>
          <Linking>
            <LinkSmart Value="True"/>
          </Linking>
          <Other>
            <OtherDefines Count="1">
              <Define0 Value="USE_SYNAPSE_WRAPPER"/>
            </OtherDefines>
          </Other>
        </CompilerOptions>
      </Item7>
      <Item8 Name="androidaarch64">
        <CompilerOptions>
          <Version Value="11"/>
          <Target>
            <Filename Value="xidel"/>
          </Target>
          <SearchPaths>
            <IncludeFiles Value="$(ProjOutDir)"/>
            <OtherUnitFiles Value="../../../components/pascal/import/synapse;../../../components/pascal/internet;../../../components/pascal/data;../../../components/pascal/system;../../../components/pascal/import/regexpr/source;../../../components/pascal/import/utf8tools"/>
            <UnitOutputDirectory Value="lib/$(TargetCPU)-$(TargetOS)"/>
          </SearchPaths>
          <CodeGeneration>
            <SmartLinkUnit Value="True"/>
            <Checks>
              <RangeChecks Value="True"/>
              <StackChecks Value="True"/>
            </Checks>
            <TargetCPU Value="aarch64"/>
            <TargetOS Value="android"/>
            <Optimizations>
              <OptimizationLevel Value="3"/>
            </Optimizations>
          </CodeGeneration>
          <Linking>
            <LinkSmart Value="True"/>
          </Linking>
          <Other>
            <CustomOptions Value="-dUSE_SYNAPSE_WRAPPER -Cg -k-pie"/>
            <OtherDefines Count="1">
              <Define0 Value="USE_SYNAPSE_WRAPPER"/>
            </OtherDefines>
          </Other>
        </CompilerOptions>
      </Item8>
      <Item9 Name="androidx86">
        <CompilerOptions>
          <Version Value="11"/>
          <Target>
            <Filename Value="xidel"/>
          </Target>
          <SearchPaths>
            <IncludeFiles Value="$(ProjOutDir)"/>
            <OtherUnitFiles Value="../../../components/pascal/import/synapse;../../../components/pascal/internet;../../../components/pascal/data;../../../components/pascal/system;../../../components/pascal/import/regexpr/source;../../../components/pascal/import/utf8tools"/>
            <UnitOutputDirectory Value="lib/$(TargetCPU)-$(TargetOS)"/>
          </SearchPaths>
          <CodeGeneration>
            <SmartLinkUnit Value="True"/>
            <Checks>
              <RangeChecks Value="True"/>
              <StackChecks Value="True"/>
            </Checks>
            <TargetCPU Value="i386"/>
            <TargetOS Value="android"/>
            <Optimizations>
              <OptimizationLevel Value="3"/>
            </Optimizations>
          </CodeGeneration>
          <Linking>
            <LinkSmart Value="True"/>
          </Linking>
          <Other>
            <CustomOptions Value="-dUSE_SYNAPSE_WRAPPER -Cg -k-pie"/>
            <OtherDefines Count="1">
              <Define0 Value="USE_SYNAPSE_WRAPPER"/>
            </OtherDefines>
          </Other>
        </CompilerOptions>
      </Item9>
    </BuildModes>
    <PublishOptions>
      <Version Value="2"/>
    </PublishOptions>
    <RunParams>
      <local>
        <CommandLineParams Value="--extract &quot;akt.url:=(((map {})//books)()[regions/shortName='...'])&quot;"/>
        <LaunchingApplication PathPlusParams="/usr/X11R6/bin/xterm -T 'Lazarus Run Output' -e $(LazarusDir)/tools/runwait.sh $(TargetCmdLine)"/>
      </local>
      <FormatVersion Value="2"/>
      <Modes Count="1">
        <Mode0 Name="default">
          <local>
            <CommandLineParams Value="--extract &quot;akt.url:=(((map {})//books)()[regions/shortName='...'])&quot;"/>
            <LaunchingApplication PathPlusParams="/usr/X11R6/bin/xterm -T 'Lazarus Run Output' -e $(LazarusDir)/tools/runwait.sh $(TargetCmdLine)"/>
          </local>
        </Mode0>
      </Modes>
    </RunParams>
    <RequiredPackages Count="1">
      <Item1>
        <PackageName Value="internettools"/>
      </Item1>
    </RequiredPackages>
    <Units Count="4">
      <Unit0>
        <Filename Value="xidel.pas"/>
        <IsPartOfProject Value="True"/>
      </Unit0>
      <Unit1>
        <Filename Value="xidelbase.pas"/>
        <IsPartOfProject Value="True"/>
      </Unit1>
      <Unit2>
        <Filename Value="xidelcrt.pas"/>
        <IsPartOfProject Value="True"/>
      </Unit2>
      <Unit3>
        <Filename Value="../../../components/pascal/data/htmlforms.pas"/>
        <IsPartOfProject Value="True"/>
      </Unit3>
    </Units>
  </ProjectOptions>
  <CompilerOptions>
    <Version Value="11"/>
    <Target>
      <Filename Value="xidel"/>
    </Target>
    <SearchPaths>
      <IncludeFiles Value="$(ProjOutDir)"/>
      <OtherUnitFiles Value="../../../components/pascal/import/synapse;../../../components/pascal/internet;../../../components/pascal/data;../../../components/pascal/system;../../../components/pascal/import/regexpr/source;../../../components/pascal/import/utf8tools"/>
      <UnitOutputDirectory Value="lib/$(TargetCPU)-$(TargetOS)"/>
    </SearchPaths>
    <Parsing>
      <SyntaxOptions>
        <IncludeAssertionCode Value="True"/>
      </SyntaxOptions>
    </Parsing>
    <CodeGeneration>
      <SmartLinkUnit Value="True"/>
      <Checks>
        <RangeChecks Value="True"/>
      </Checks>
      <Optimizations>
        <OptimizationLevel Value="2"/>
      </Optimizations>
    </CodeGeneration>
    <Linking>
      <LinkSmart Value="True"/>
    </Linking>
    <Other>
      <OtherDefines Count="1">
        <Define0 Value="USE_SYNAPSE_WRAPPER"/>
      </OtherDefines>
    </Other>
  </CompilerOptions>
  <Debugging>
    <Exceptions Count="4">
      <Item1>
        <Name Value="EAbort"/>
      </Item1>
      <Item2>
        <Name Value="ECodetoolError"/>
      </Item2>
      <Item3>
        <Name Value="EFOpenError"/>
      </Item3>
      <Item4>
        <Name Value="EXQEvaluationException"/>
      </Item4>
    </Exceptions>
  </Debugging>
</CONFIG>
